
Microsoft Visual Studio Solution File, Format Version 12.00
# Visual Studio 15
VisualStudioVersion = 15.0.28307.329
MinimumVisualStudioVersion = 10.0.40219.1
Project("{9A19103F-16F7-4668-BE54-9A1E7A4F7556}") = "MongoMigrations", "MongoMigrations\MongoMigrations.csproj", "{FCB2CF19-EBE7-4DCF-BD48-EC164015BA3F}"
EndProject
Project("{2150E333-8FDC-42A3-9474-1A3956D46DE8}") = "Solution Items", "Solution Items", "{E7349874-7F05-4207-802C-6A8AD38AB7BF}"
	ProjectSection(SolutionItems) = preProject
		..\.circleci\config.yml = ..\.circleci\config.yml
	EndProjectSection
EndProject
Global
	GlobalSection(SolutionConfigurationPlatforms) = preSolution
		Debug|Any CPU = Debug|Any CPU
		Debug|Mixed Platforms = Debug|Mixed Platforms
		Debug|x86 = Debug|x86
		Release|Any CPU = Release|Any CPU
		Release|Mixed Platforms = Release|Mixed Platforms
		Release|x86 = Release|x86
	EndGlobalSection
	GlobalSection(ProjectConfigurationPlatforms) = postSolution
		{FCB2CF19-EBE7-4DCF-BD48-EC164015BA3F}.Debug|Any CPU.ActiveCfg = Debug|Any CPU
		{FCB2CF19-EBE7-4DCF-BD48-EC164015BA3F}.Debug|Any CPU.Build.0 = Debug|Any CPU
		{FCB2CF19-EBE7-4DCF-BD48-EC164015BA3F}.Debug|Mixed Platforms.ActiveCfg = Debug|Any CPU
		{FCB2CF19-EBE7-4DCF-BD48-EC164015BA3F}.Debug|Mixed Platforms.Build.0 = Debug|Any CPU
		{FCB2CF19-EBE7-4DCF-BD48-EC164015BA3F}.Debug|x86.ActiveCfg = Debug|Any CPU
		{FCB2CF19-EBE7-4DCF-BD48-EC164015BA3F}.Release|Any CPU.ActiveCfg = Release|Any CPU
		{FCB2CF19-EBE7-4DCF-BD48-EC164015BA3F}.Release|Any CPU.Build.0 = Release|Any CPU
		{FCB2CF19-EBE7-4DCF-BD48-EC164015BA3F}.Release|Mixed Platforms.ActiveCfg = Release|Any CPU
		{FCB2CF19-EBE7-4DCF-BD48-EC164015BA3F}.Release|Mixed Platforms.Build.0 = Release|Any CPU
		{FCB2CF19-EBE7-4DCF-BD48-EC164015BA3F}.Release|x86.ActiveCfg = Release|Any CPU
	EndGlobalSection
	GlobalSection(SolutionProperties) = preSolution
		HideSolutionNode = FALSE
	EndGlobalSection
	GlobalSection(ExtensibilityGlobals) = postSolution
		SolutionGuid = {1D6DE058-DB73-4A53-BA95-FD7F06D1305F}
	EndGlobalSection
EndGlobal
